// !$*UTF8*$!
{
	archiveVersion = 1;
	classes = {
	};
	objectVersion = 50;
	objects = {

/* Begin PBXBuildFile section */
		2F47DF0423CF47E500A52EF9 /* AppDelegate.swift in Sources */ = {isa = PBXBuildFile; fileRef = 2F47DF0323CF47E500A52EF9 /* AppDelegate.swift */; };
		2F47DF0823CF47E500A52EF9 /* ViewController.swift in Sources */ = {isa = PBXBuildFile; fileRef = 2F47DF0723CF47E500A52EF9 /* ViewController.swift */; };
		2F47DF0B23CF47E500A52EF9 /* Main.storyboard in Resources */ = {isa = PBXBuildFile; fileRef = 2F47DF0923CF47E500A52EF9 /* Main.storyboard */; };
		2F47DF0D23CF47E600A52EF9 /* Assets.xcassets in Resources */ = {isa = PBXBuildFile; fileRef = 2F47DF0C23CF47E600A52EF9 /* Assets.xcassets */; };
		2F47DF1023CF47E600A52EF9 /* LaunchScreen.storyboard in Resources */ = {isa = PBXBuildFile; fileRef = 2F47DF0E23CF47E600A52EF9 /* LaunchScreen.storyboard */; };
		2F47DF1B23CF47E600A52EF9 /* CodingInterviewTests.swift in Sources */ = {isa = PBXBuildFile; fileRef = 2F47DF1A23CF47E600A52EF9 /* CodingInterviewTests.swift */; };
		2F47DF2623CF47E600A52EF9 /* CodingInterviewUITests.swift in Sources */ = {isa = PBXBuildFile; fileRef = 2F47DF2523CF47E600A52EF9 /* CodingInterviewUITests.swift */; };
/* End PBXBuildFile section */

/* Begin PBXContainerItemProxy section */
		2F47DF1723CF47E600A52EF9 /* PBXContainerItemProxy */ = {
			isa = PBXContainerItemProxy;
			containerPortal = 2F47DEF823CF47E500A52EF9 /* Project object */;
			proxyType = 1;
			remoteGlobalIDString = 2F47DEFF23CF47E500A52EF9;
			remoteInfo = CodingInterview;
		};
		2F47DF2223CF47E600A52EF9 /* PBXContainerItemProxy */ = {
			isa = PBXContainerItemProxy;
			containerPortal = 2F47DEF823CF47E500A52EF9 /* Project object */;
			proxyType = 1;
			remoteGlobalIDString = 2F47DEFF23CF47E500A52EF9;
			remoteInfo = CodingInterview;
		};
/* End PBXContainerItemProxy section */

/* Begin PBXFileReference section */
		2F47DF0023CF47E500A52EF9 /* CodingInterview.app */ = {isa = PBXFileReference; explicitFileType = wrapper.application; includeInIndex = 0; path = CodingInterview.app; sourceTree = BUILT_PRODUCTS_DIR; };
		2F47DF0323CF47E500A52EF9 /* AppDelegate.swift */ = {isa = PBXFileReference; lastKnownFileType = sourcecode.swift; path = AppDelegate.swift; sourceTree = "<group>"; };
		2F47DF0723CF47E500A52EF9 /* ViewController.swift */ = {isa = PBXFileReference; lastKnownFileType = sourcecode.swift; path = ViewController.swift; sourceTree = "<group>"; };
		2F47DF0A23CF47E500A52EF9 /* Base */ = {isa = PBXFileReference; lastKnownFileType = file.storyboard; name = Base; path = Base.lproj/Main.storyboard; sourceTree = "<group>"; };
		2F47DF0C23CF47E600A52EF9 /* Assets.xcassets */ = {isa = PBXFileReference; lastKnownFileType = folder.assetcatalog; path = Assets.xcassets; sourceTree = "<group>"; };
		2F47DF0F23CF47E600A52EF9 /* Base */ = {isa = PBXFileReference; lastKnownFileType = file.storyboard; name = Base; path = Base.lproj/LaunchScreen.storyboard; sourceTree = "<group>"; };
		2F47DF1123CF47E600A52EF9 /* Info.plist */ = {isa = PBXFileReference; lastKnownFileType = text.plist.xml; path = Info.plist; sourceTree = "<group>"; };
		2F47DF1623CF47E600A52EF9 /* CodingInterviewTests.xctest */ = {isa = PBXFileReference; explicitFileType = wrapper.cfbundle; includeInIndex = 0; path = CodingInterviewTests.xctest; sourceTree = BUILT_PRODUCTS_DIR; };
		2F47DF1A23CF47E600A52EF9 /* CodingInterviewTests.swift */ = {isa = PBXFileReference; lastKnownFileType = sourcecode.swift; path = CodingInterviewTests.swift; sourceTree = "<group>"; };
		2F47DF1C23CF47E600A52EF9 /* Info.plist */ = {isa = PBXFileReference; lastKnownFileType = text.plist.xml; path = Info.plist; sourceTree = "<group>"; };
		2F47DF2123CF47E600A52EF9 /* CodingInterviewUITests.xctest */ = {isa = PBXFileReference; explicitFileType = wrapper.cfbundle; includeInIndex = 0; path = CodingInterviewUITests.xctest; sourceTree = BUILT_PRODUCTS_DIR; };
		2F47DF2523CF47E600A52EF9 /* CodingInterviewUITests.swift */ = {isa = PBXFileReference; lastKnownFileType = sourcecode.swift; path = CodingInterviewUITests.swift; sourceTree = "<group>"; };
		2F47DF2723CF47E600A52EF9 /* Info.plist */ = {isa = PBXFileReference; lastKnownFileType = text.plist.xml; path = Info.plist; sourceTree = "<group>"; };
/* End PBXFileReference section */

/* Begin PBXFrameworksBuildPhase section */
		2F47DEFD23CF47E500A52EF9 /* Frameworks */ = {
			isa = PBXFrameworksBuildPhase;
			buildActionMask = 2147483647;
			files = (
			);
			runOnlyForDeploymentPostprocessing = 0;
		};
		2F47DF1323CF47E600A52EF9 /* Frameworks */ = {
			isa = PBXFrameworksBuildPhase;
			buildActionMask = 2147483647;
			files = (
			);
			runOnlyForDeploymentPostprocessing = 0;
		};
		2F47DF1E23CF47E600A52EF9 /* Frameworks */ = {
			isa = PBXFrameworksBuildPhase;
			buildActionMask = 2147483647;
			files = (
			);
			runOnlyForDeploymentPostprocessing = 0;
		};
/* End PBXFrameworksBuildPhase section */

/* Begin PBXGroup section */
		2F47DEF723CF47E500A52EF9 = {
			isa = PBXGroup;
			children = (
				2F47DF0223CF47E500A52EF9 /* CodingInterview */,
				2F47DF1923CF47E600A52EF9 /* CodingInterviewTests */,
				2F47DF2423CF47E600A52EF9 /* CodingInterviewUITests */,
				2F47DF0123CF47E500A52EF9 /* Products */,
			);
			sourceTree = "<group>";
		};
		2F47DF0123CF47E500A52EF9 /* Products */ = {
			isa = PBXGroup;
			children = (
				2F47DF0023CF47E500A52EF9 /* CodingInterview.app */,
				2F47DF1623CF47E600A52EF9 /* CodingInterviewTests.xctest */,
				2F47DF2123CF47E600A52EF9 /* CodingInterviewUITests.xctest */,
			);
			name = Products;
			sourceTree = "<group>";
		};
		2F47DF0223CF47E500A52EF9 /* CodingInterview */ = {
			isa = PBXGroup;
			children = (
				2F47DF0323CF47E500A52EF9 /* AppDelegate.swift */,
				2F47DF0723CF47E500A52EF9 /* ViewController.swift */,
				2F47DF0923CF47E500A52EF9 /* Main.storyboard */,
				2F47DF0C23CF47E600A52EF9 /* Assets.xcassets */,
				2F47DF0E23CF47E600A52EF9 /* LaunchScreen.storyboard */,
				2F47DF1123CF47E600A52EF9 /* Info.plist */,
			);
			path = CodingInterview;
			sourceTree = "<group>";
		};
		2F47DF1923CF47E600A52EF9 /* CodingInterviewTests */ = {
			isa = PBXGroup;
			children = (
				2F47DF1A23CF47E600A52EF9 /* CodingInterviewTests.swift */,
				2F47DF1C23CF47E600A52EF9 /* Info.plist */,
			);
			path = CodingInterviewTests;
			sourceTree = "<group>";
		};
		2F47DF2423CF47E600A52EF9 /* CodingInterviewUITests */ = {
			isa = PBXGroup;
			children = (
				2F47DF2523CF47E600A52EF9 /* CodingInterviewUITests.swift */,
				2F47DF2723CF47E600A52EF9 /* Info.plist */,
			);
			path = CodingInterviewUITests;
			sourceTree = "<group>";
		};
/* End PBXGroup section */

/* Begin PBXNativeTarget section */
		2F47DEFF23CF47E500A52EF9 /* CodingInterview */ = {
			isa = PBXNativeTarget;
			buildConfigurationList = 2F47DF2A23CF47E600A52EF9 /* Build configuration list for PBXNativeTarget "CodingInterview" */;
			buildPhases = (
				2F47DEFC23CF47E500A52EF9 /* Sources */,
				2F47DEFD23CF47E500A52EF9 /* Frameworks */,
				2F47DEFE23CF47E500A52EF9 /* Resources */,
			);
			buildRules = (
			);
			dependencies = (
			);
			name = CodingInterview;
			productName = CodingInterview;
			productReference = 2F47DF0023CF47E500A52EF9 /* CodingInterview.app */;
			productType = "com.apple.product-type.application";
		};
		2F47DF1523CF47E600A52EF9 /* CodingInterviewTests */ = {
			isa = PBXNativeTarget;
			buildConfigurationList = 2F47DF2D23CF47E600A52EF9 /* Build configuration list for PBXNativeTarget "CodingInterviewTests" */;
			buildPhases = (
				2F47DF1223CF47E600A52EF9 /* Sources */,
				2F47DF1323CF47E600A52EF9 /* Frameworks */,
				2F47DF1423CF47E600A52EF9 /* Resources */,
			);
			buildRules = (
			);
			dependencies = (
				2F47DF1823CF47E600A52EF9 /* PBXTargetDependency */,
			);
			name = CodingInterviewTests;
			productName = CodingInterviewTests;
			productReference = 2F47DF1623CF47E600A52EF9 /* CodingInterviewTests.xctest */;
			productType = "com.apple.product-type.bundle.unit-test";
		};
		2F47DF2023CF47E600A52EF9 /* CodingInterviewUITests */ = {
			isa = PBXNativeTarget;
			buildConfigurationList = 2F47DF3023CF47E600A52EF9 /* Build configuration list for PBXNativeTarget "CodingInterviewUITests" */;
			buildPhases = (
				2F47DF1D23CF47E600A52EF9 /* Sources */,
				2F47DF1E23CF47E600A52EF9 /* Frameworks */,
				2F47DF1F23CF47E600A52EF9 /* Resources */,
			);
			buildRules = (
			);
			dependencies = (
				2F47DF2323CF47E600A52EF9 /* PBXTargetDependency */,
			);
			name = CodingInterviewUITests;
			productName = CodingInterviewUITests;
			productReference = 2F47DF2123CF47E600A52EF9 /* CodingInterviewUITests.xctest */;
			productType = "com.apple.product-type.bundle.ui-testing";
		};
/* End PBXNativeTarget section */

/* Begin PBXProject section */
		2F47DEF823CF47E500A52EF9 /* Project object */ = {
			isa = PBXProject;
			attributes = {
				LastSwiftUpdateCheck = 1130;
				LastUpgradeCheck = 1130;
				ORGANIZATIONNAME = tyler;
				TargetAttributes = {
					2F47DEFF23CF47E500A52EF9 = {
						CreatedOnToolsVersion = 11.3;
					};
					2F47DF1523CF47E600A52EF9 = {
						CreatedOnToolsVersion = 11.3;
						TestTargetID = 2F47DEFF23CF47E500A52EF9;
					};
					2F47DF2023CF47E600A52EF9 = {
						CreatedOnToolsVersion = 11.3;
						TestTargetID = 2F47DEFF23CF47E500A52EF9;
					};
				};
			};
			buildConfigurationList = 2F47DEFB23CF47E500A52EF9 /* Build configuration list for PBXProject "CodingInterview" */;
			compatibilityVersion = "Xcode 9.3";
			developmentRegion = en;
			hasScannedForEncodings = 0;
			knownRegions = (
				en,
				Base,
			);
			mainGroup = 2F47DEF723CF47E500A52EF9;
			productRefGroup = 2F47DF0123CF47E500A52EF9 /* Products */;
			projectDirPath = "";
			projectRoot = "";
			targets = (
				2F47DEFF23CF47E500A52EF9 /* CodingInterview */,
				2F47DF1523CF47E600A52EF9 /* CodingInterviewTests */,
				2F47DF2023CF47E600A52EF9 /* CodingInterviewUITests */,
			);
		};
/* End PBXProject section */

/* Begin PBXResourcesBuildPhase section */
		2F47DEFE23CF47E500A52EF9 /* Resources */ = {
			isa = PBXResourcesBuildPhase;
			buildActionMask = 2147483647;
			files = (
				2F47DF1023CF47E600A52EF9 /* LaunchScreen.storyboard in Resources */,
				2F47DF0D23CF47E600A52EF9 /* Assets.xcassets in Resources */,
				2F47DF0B23CF47E500A52EF9 /* Main.storyboard in Resources */,
			);
			runOnlyForDeploymentPostprocessing = 0;
		};
		2F47DF1423CF47E600A52EF9 /* Resources */ = {
			isa = PBXResourcesBuildPhase;
			buildActionMask = 2147483647;
			files = (
			);
			runOnlyForDeploymentPostprocessing = 0;
		};
		2F47DF1F23CF47E600A52EF9 /* Resources */ = {
			isa = PBXResourcesBuildPhase;
			buildActionMask = 2147483647;
			files = (
			);
			runOnlyForDeploymentPostprocessing = 0;
		};
/* End PBXResourcesBuildPhase section */

/* Begin PBXSourcesBuildPhase section */
		2F47DEFC23CF47E500A52EF9 /* Sources */ = {
			isa = PBXSourcesBuildPhase;
			buildActionMask = 2147483647;
			files = (
				2F47DF0823CF47E500A52EF9 /* ViewController.swift in Sources */,
				2F47DF0423CF47E500A52EF9 /* AppDelegate.swift in Sources */,
			);
			runOnlyForDeploymentPostprocessing = 0;
		};
		2F47DF1223CF47E600A52EF9 /* Sources */ = {
			isa = PBXSourcesBuildPhase;
			buildActionMask = 2147483647;
			files = (
				2F47DF1B23CF47E600A52EF9 /* CodingInterviewTests.swift in Sources */,
			);
			runOnlyForDeploymentPostprocessing = 0;
		};
		2F47DF1D23CF47E600A52EF9 /* Sources */ = {
			isa = PBXSourcesBuildPhase;
			buildActionMask = 2147483647;
			files = (
				2F47DF2623CF47E600A52EF9 /* CodingInterviewUITests.swift in Sources */,
			);
			runOnlyForDeploymentPostprocessing = 0;
		};
/* End PBXSourcesBuildPhase section */

/* Begin PBXTargetDependency section */
		2F47DF1823CF47E600A52EF9 /* PBXTargetDependency */ = {
			isa = PBXTargetDependency;
			target = 2F47DEFF23CF47E500A52EF9 /* CodingInterview */;
			targetProxy = 2F47DF1723CF47E600A52EF9 /* PBXContainerItemProxy */;
		};
		2F47DF2323CF47E600A52EF9 /* PBXTargetDependency */ = {
			isa = PBXTargetDependency;
			target = 2F47DEFF23CF47E500A52EF9 /* CodingInterview */;
			targetProxy = 2F47DF2223CF47E600A52EF9 /* PBXContainerItemProxy */;
		};
/* End PBXTargetDependency section */

/* Begin PBXVariantGroup section */
		2F47DF0923CF47E500A52EF9 /* Main.storyboard */ = {
			isa = PBXVariantGroup;
			children = (
				2F47DF0A23CF47E500A52EF9 /* Base */,
			);
			name = Main.storyboard;
			sourceTree = "<group>";
		};
		2F47DF0E23CF47E600A52EF9 /* LaunchScreen.storyboard */ = {
			isa = PBXVariantGroup;
			children = (
				2F47DF0F23CF47E600A52EF9 /* Base */,
			);
			name = LaunchScreen.storyboard;
			sourceTree = "<group>";
		};
/* End PBXVariantGroup section */

/* Begin XCBuildConfiguration section */
		2F47DF2823CF47E600A52EF9 /* Debug */ = {
			isa = XCBuildConfiguration;
			buildSettings = {
				ALWAYS_SEARCH_USER_PATHS = NO;
				CLANG_ANALYZER_NONNULL = YES;
				CLANG_ANALYZER_NUMBER_OBJECT_CONVERSION = YES_AGGRESSIVE;
				CLANG_CXX_LANGUAGE_STANDARD = "gnu++14";
				CLANG_CXX_LIBRARY = "libc++";
				CLANG_ENABLE_MODULES = YES;
				CLANG_ENABLE_OBJC_ARC = YES;
				CLANG_ENABLE_OBJC_WEAK = YES;
				CLANG_WARN_BLOCK_CAPTURE_AUTORELEASING = YES;
				CLANG_WARN_BOOL_CONVERSION = YES;
				CLANG_WARN_COMMA = YES;
				CLANG_WARN_CONSTANT_CONVERSION = YES;
				CLANG_WARN_DEPRECATED_OBJC_IMPLEMENTATIONS = YES;
				CLANG_WARN_DIRECT_OBJC_ISA_USAGE = YES_ERROR;
				CLANG_WARN_DOCUMENTATION_COMMENTS = YES;
				CLANG_WARN_EMPTY_BODY = YES;
				CLANG_WARN_ENUM_CONVERSION = YES;
				CLANG_WARN_INFINITE_RECURSION = YES;
				CLANG_WARN_INT_CONVERSION = YES;
				CLANG_WARN_NON_LITERAL_NULL_CONVERSION = YES;
				CLANG_WARN_OBJC_IMPLICIT_RETAIN_SELF = YES;
				CLANG_WARN_OBJC_LITERAL_CONVERSION = YES;
				CLANG_WARN_OBJC_ROOT_CLASS = YES_ERROR;
				CLANG_WARN_RANGE_LOOP_ANALYSIS = YES;
				CLANG_WARN_STRICT_PROTOTYPES = YES;
				CLANG_WARN_SUSPICIOUS_MOVE = YES;
				CLANG_WARN_UNGUARDED_AVAILABILITY = YES_AGGRESSIVE;
				CLANG_WARN_UNREACHABLE_CODE = YES;
				CLANG_WARN__DUPLICATE_METHOD_MATCH = YES;
				COPY_PHASE_STRIP = NO;
				DEBUG_INFORMATION_FORMAT = dwarf;
				ENABLE_STRICT_OBJC_MSGSEND = YES;
				ENABLE_TESTABILITY = YES;
				GCC_C_LANGUAGE_STANDARD = gnu11;
				GCC_DYNAMIC_NO_PIC = NO;
				GCC_NO_COMMON_BLOCKS = YES;
				GCC_OPTIMIZATION_LEVEL = 0;
				GCC_PREPROCESSOR_DEFINITIONS = (
					"DEBUG=1",
					"$(inherited)",
				);
				GCC_WARN_64_TO_32_BIT_CONVERSION = YES;
				GCC_WARN_ABOUT_RETURN_TYPE = YES_ERROR;
				GCC_WARN_UNDECLARED_SELECTOR = YES;
				GCC_WARN_UNINITIALIZED_AUTOS = YES_AGGRESSIVE;
				GCC_WARN_UNUSED_FUNCTION = YES;
				GCC_WARN_UNUSED_VARIABLE = YES;
				IPHONEOS_DEPLOYMENT_TARGET = 13.2;
				MTL_ENABLE_DEBUG_INFO = INCLUDE_SOURCE;
				MTL_FAST_MATH = YES;
				ONLY_ACTIVE_ARCH = YES;
				SDKROOT = iphoneos;
				SWIFT_ACTIVE_COMPILATION_CONDITIONS = DEBUG;
				SWIFT_OPTIMIZATION_LEVEL = "-Onone";
			};
			name = Debug;
		};
		2F47DF2923CF47E600A52EF9 /* Release */ = {
			isa = XCBuildConfiguration;
			buildSettings = {
				ALWAYS_SEARCH_USER_PATHS = NO;
				CLANG_ANALYZER_NONNULL = YES;
				CLANG_ANALYZER_NUMBER_OBJECT_CONVERSION = YES_AGGRESSIVE;
				CLANG_CXX_LANGUAGE_STANDARD = "gnu++14";
				CLANG_CXX_LIBRARY = "libc++";
				CLANG_ENABLE_MODULES = YES;
				CLANG_ENABLE_OBJC_ARC = YES;
				CLANG_ENABLE_OBJC_WEAK = YES;
				CLANG_WARN_BLOCK_CAPTURE_AUTORELEASING = YES;
				CLANG_WARN_BOOL_CONVERSION = YES;
				CLANG_WARN_COMMA = YES;
				CLANG_WARN_CONSTANT_CONVERSION = YES;
				CLANG_WARN_DEPRECATED_OBJC_IMPLEMENTATIONS = YES;
				CLANG_WARN_DIRECT_OBJC_ISA_USAGE = YES_ERROR;
				CLANG_WARN_DOCUMENTATION_COMMENTS = YES;
				CLANG_WARN_EMPTY_BODY = YES;
				CLANG_WARN_ENUM_CONVERSION = YES;
				CLANG_WARN_INFINITE_RECURSION = YES;
				CLANG_WARN_INT_CONVERSION = YES;
				CLANG_WARN_NON_LITERAL_NULL_CONVERSION = YES;
				CLANG_WARN_OBJC_IMPLICIT_RETAIN_SELF = YES;
				CLANG_WARN_OBJC_LITERAL_CONVERSION = YES;
				CLANG_WARN_OBJC_ROOT_CLASS = YES_ERROR;
				CLANG_WARN_RANGE_LOOP_ANALYSIS = YES;
				CLANG_WARN_STRICT_PROTOTYPES = YES;
				CLANG_WARN_SUSPICIOUS_MOVE = YES;
				CLANG_WARN_UNGUARDED_AVAILABILITY = YES_AGGRESSIVE;
				CLANG_WARN_UNREACHABLE_CODE = YES;
				CLANG_WARN__DUPLICATE_METHOD_MATCH = YES;
				COPY_PHASE_STRIP = NO;
				DEBUG_INFORMATION_FORMAT = "dwarf-with-dsym";
				ENABLE_NS_ASSERTIONS = NO;
				ENABLE_STRICT_OBJC_MSGSEND = YES;
				GCC_C_LANGUAGE_STANDARD = gnu11;
				GCC_NO_COMMON_BLOCKS = YES;
				GCC_WARN_64_TO_32_BIT_CONVERSION = YES;
				GCC_WARN_ABOUT_RETURN_TYPE = YES_ERROR;
				GCC_WARN_UNDECLARED_SELECTOR = YES;
				GCC_WARN_UNINITIALIZED_AUTOS = YES_AGGRESSIVE;
				GCC_WARN_UNUSED_FUNCTION = YES;
				GCC_WARN_UNUSED_VARIABLE = YES;
				IPHONEOS_DEPLOYMENT_TARGET = 13.2;
				MTL_ENABLE_DEBUG_INFO = NO;
				MTL_FAST_MATH = YES;
				SDKROOT = iphoneos;
				SWIFT_COMPILATION_MODE = wholemodule;
				SWIFT_OPTIMIZATION_LEVEL = "-O";
				VALIDATE_PRODUCT = YES;
			};
			name = Release;
		};
		2F47DF2B23CF47E600A52EF9 /* Debug */ = {
			isa = XCBuildConfiguration;
			buildSettings = {
				ASSETCATALOG_COMPILER_APPICON_NAME = AppIcon;
				CODE_SIGN_STYLE = Automatic;
				DEVELOPMENT_TEAM = 576T8HK6X4;
				INFOPLIST_FILE = CodingInterview/Info.plist;
				LD_RUNPATH_SEARCH_PATHS = (
					"$(inherited)",
					"@executable_path/Frameworks",
				);
				PRODUCT_BUNDLE_IDENTIFIER = com.assin.CodingInterview;
				PRODUCT_NAME = "$(TARGET_NAME)";
				SWIFT_VERSION = 5.0;
				TARGETED_DEVICE_FAMILY = "1,2";
			};
			name = Debug;
		};
		2F47DF2C23CF47E600A52EF9 /* Release */ = {
			isa = XCBuildConfiguration;
			buildSettings = {
				ASSETCATALOG_COMPILER_APPICON_NAME = AppIcon;
				CODE_SIGN_STYLE = Automatic;
				DEVELOPMENT_TEAM = 576T8HK6X4;
				INFOPLIST_FILE = CodingInterview/Info.plist;
				LD_RUNPATH_SEARCH_PATHS = (
					"$(inherited)",
					"@executable_path/Frameworks",
				);
				PRODUCT_BUNDLE_IDENTIFIER = com.assin.CodingInterview;
				PRODUCT_NAME = "$(TARGET_NAME)";
				SWIFT_VERSION = 5.0;
				TARGETED_DEVICE_FAMILY = "1,2";
			};
			name = Release;
		};
		2F47DF2E23CF47E600A52EF9 /* Debug */ = {
			isa = XCBuildConfiguration;
			buildSettings = {
				ALWAYS_EMBED_SWIFT_STANDARD_LIBRARIES = YES;
				BUNDLE_LOADER = "$(TEST_HOST)";
				CODE_SIGN_STYLE = Automatic;
				DEVELOPMENT_TEAM = 576T8HK6X4;
				INFOPLIST_FILE = CodingInterviewTests/Info.plist;
				IPHONEOS_DEPLOYMENT_TARGET = 13.2;
				LD_RUNPATH_SEARCH_PATHS = (
					"$(inherited)",
					"@executable_path/Frameworks",
					"@loader_path/Frameworks",
				);
				PRODUCT_BUNDLE_IDENTIFIER = com.assin.CodingInterviewTests;
				PRODUCT_NAME = "$(TARGET_NAME)";
				SWIFT_VERSION = 5.0;
				TARGETED_DEVICE_FAMILY = "1,2";
				TEST_HOST = "$(BUILT_PRODUCTS_DIR)/CodingInterview.app/CodingInterview";
			};
			name = Debug;
		};
		2F47DF2F23CF47E600A52EF9 /* Release */ = {
			isa = XCBuildConfiguration;
			buildSettings = {
				ALWAYS_EMBED_SWIFT_STANDARD_LIBRARIES = YES;
				BUNDLE_LOADER = "$(TEST_HOST)";
				CODE_SIGN_STYLE = Automatic;
				DEVELOPMENT_TEAM = 576T8HK6X4;
				INFOPLIST_FILE = CodingInterviewTests/Info.plist;
				IPHONEOS_DEPLOYMENT_TARGET = 13.2;
				LD_RUNPATH_SEARCH_PATHS = (
					"$(inherited)",
					"@executable_path/Frameworks",
					"@loader_path/Frameworks",
				);
				PRODUCT_BUNDLE_IDENTIFIER = com.assin.CodingInterviewTests;
				PRODUCT_NAME = "$(TARGET_NAME)";
				SWIFT_VERSION = 5.0;
				TARGETED_DEVICE_FAMILY = "1,2";
				TEST_HOST = "$(BUILT_PRODUCTS_DIR)/CodingInterview.app/CodingInterview";
			};
			name = Release;
		};
		2F47DF3123CF47E600A52EF9 /* Debug */ = {
			isa = XCBuildConfiguration;
			buildSettings = {
				ALWAYS_EMBED_SWIFT_STANDARD_LIBRARIES = YES;
				CODE_SIGN_STYLE = Automatic;
				DEVELOPMENT_TEAM = 576T8HK6X4;
				INFOPLIST_FILE = CodingInterviewUITests/Info.plist;
				LD_RUNPATH_SEARCH_PATHS = (
					"$(inherited)",
					"@executable_path/Frameworks",
					"@loader_path/Frameworks",
				);
				PRODUCT_BUNDLE_IDENTIFIER = com.assin.CodingInterviewUITests;
				PRODUCT_NAME = "$(TARGET_NAME)";
				SWIFT_VERSION = 5.0;
				TARGETED_DEVICE_FAMILY = "1,2";
				TEST_TARGET_NAME = CodingInterview;
			};
			name = Debug;
		};
		2F47DF3223CF47E600A52EF9 /* Release */ = {
			isa = XCBuildConfiguration;
			buildSettings = {
				ALWAYS_EMBED_SWIFT_STANDARD_LIBRARIES = YES;
				CODE_SIGN_STYLE = Automatic;
				DEVELOPMENT_TEAM = 576T8HK6X4;
				INFOPLIST_FILE = CodingInterviewUITests/Info.plist;
				LD_RUNPATH_SEARCH_PATHS = (
					"$(inherited)",
					"@executable_path/Frameworks",
					"@loader_path/Frameworks",
				);
				PRODUCT_BUNDLE_IDENTIFIER = com.assin.CodingInterviewUITests;
				PRODUCT_NAME = "$(TARGET_NAME)";
				SWIFT_VERSION = 5.0;
				TARGETED_DEVICE_FAMILY = "1,2";
				TEST_TARGET_NAME = CodingInterview;
			};
			name = Release;
		};
/* End XCBuildConfiguration section */

/* Begin XCConfigurationList section */
		2F47DEFB23CF47E500A52EF9 /* Build configuration list for PBXProject "CodingInterview" */ = {
			isa = XCConfigurationList;
			buildConfigurations = (
				2F47DF2823CF47E600A52EF9 /* Debug */,
				2F47DF2923CF47E600A52EF9 /* Release */,
			);
			defaultConfigurationIsVisible = 0;
			defaultConfigurationName = Release;
		};
		2F47DF2A23CF47E600A52EF9 /* Build configuration list for PBXNativeTarget "CodingInterview" */ = {
			isa = XCConfigurationList;
			buildConfigurations = (
				2F47DF2B23CF47E600A52EF9 /* Debug */,
				2F47DF2C23CF47E600A52EF9 /* Release */,
			);
			defaultConfigurationIsVisible = 0;
			defaultConfigurationName = Release;
		};
		2F47DF2D23CF47E600A52EF9 /* Build configuration list for PBXNativeTarget "CodingInterviewTests" */ = {
			isa = XCConfigurationList;
			buildConfigurations = (
				2F47DF2E23CF47E600A52EF9 /* Debug */,
				2F47DF2F23CF47E600A52EF9 /* Release */,
			);
			defaultConfigurationIsVisible = 0;
			defaultConfigurationName = Release;
		};
		2F47DF3023CF47E600A52EF9 /* Build configuration list for PBXNativeTarget "CodingInterviewUITests" */ = {
			isa = XCConfigurationList;
			buildConfigurations = (
				2F47DF3123CF47E600A52EF9 /* Debug */,
				2F47DF3223CF47E600A52EF9 /* Release */,
			);
			defaultConfigurationIsVisible = 0;
			defaultConfigurationName = Release;
		};
/* End XCConfigurationList section */
	};
	rootObject = 2F47DEF823CF47E500A52EF9 /* Project object */;
}
